PODS:
  - agora_chat_sdk_ios (1.4.0):
    - Flutter
    - HyphenateChat (= 4.16.3)
  - agora_rtc_engine (6.6.4):
    - AgoraIrisRTC_iOS (= 4.6.4-build.4)
    - AgoraRtcEngine_iOS (= 4.6.4)
    - Flutter
  - AgoraInfra_iOS (1.3.5)
  - AgoraIrisRTC_iOS (4.6.4-build.4)
  - AgoraRtcEngine_iOS (4.6.4):
    - AgoraRtcEngine_iOS/AIAEC (= 4.6.4)
    - AgoraRtcEngine_iOS/AIAECLL (= 4.6.4)
    - AgoraRtcEngine_iOS/AINS (= 4.6.4)
    - AgoraRtcEngine_iOS/AINSLL (= 4.6.4)
    - AgoraRtcEngine_iOS/AudioBeauty (= 4.6.4)
    - AgoraRtcEngine_iOS/ClearVision (= 4.6.4)
    - AgoraRtcEngine_iOS/ContentInspect (= 4.6.4)
    - AgoraRtcEngine_iOS/FaceCapture (= 4.6.4)
    - AgoraRtcEngine_iOS/FaceDetection (= 4.6.4)
    - AgoraRtcEngine_iOS/LipSync (= 4.6.4)
    - AgoraRtcEngine_iOS/ReplayKit (= 4.6.4)
    - AgoraRtcEngine_iOS/RtcBasic (= 4.6.4)
    - AgoraRtcEngine_iOS/SpatialAudio (= 4.6.4)
    - AgoraRtcEngine_iOS/VideoAv1CodecEnc (= 4.6.4)
    - AgoraRtcEngine_iOS/VideoCodecEnc (= 4.6.4)
    - AgoraRtcEngine_iOS/VirtualBackground (= 4.6.4)
    - AgoraRtcEngine_iOS/VQA (= 4.6.4)
  - AgoraRtcEngine_iOS/AIAEC (4.6.4)
  - AgoraRtcEngine_iOS/AIAECLL (4.6.4)
  - AgoraRtcEngine_iOS/AINS (4.6.4)
  - AgoraRtcEngine_iOS/AINSLL (4.6.4)
  - AgoraRtcEngine_iOS/AudioBeauty (4.6.4)
  - AgoraRtcEngine_iOS/ClearVision (4.6.4)
  - AgoraRtcEngine_iOS/ContentInspect (4.6.4)
  - AgoraRtcEngine_iOS/FaceCapture (4.6.4)
  - AgoraRtcEngine_iOS/FaceDetection (4.6.4)
  - AgoraRtcEngine_iOS/LipSync (4.6.4)
  - AgoraRtcEngine_iOS/ReplayKit (4.6.4)
  - AgoraRtcEngine_iOS/RtcBasic (4.6.4):
    - AgoraInfra_iOS (= 1.3.5)
  - AgoraRtcEngine_iOS/SpatialAudio (4.6.4)
  - AgoraRtcEngine_iOS/VideoAv1CodecEnc (4.6.4)
  - AgoraRtcEngine_iOS/VideoCodecEnc (4.6.4)
  - AgoraRtcEngine_iOS/VirtualBackground (4.6.4)
  - AgoraRtcEngine_iOS/VQA (4.6.4)
  - app_settings (5.1.1):
    - Flutter
  - audio_session (0.0.1):
    - Flutter
  - audioplayers_darwin (0.0.1):
    - Flutter
    - FlutterMacOS
  - connectivity_plus (0.0.1):
    - Flutter
  - file_picker_darwin (1.0.0):
    - Flutter
    - FlutterMacOS
  - Flutter (1.0.0)
  - flutter_secure_storage_darwin (10.0.0):
    - Flutter
    - FlutterMacOS
  - geocoding_ios (1.0.5):
    - Flutter
  - geolocator_apple (1.2.0):
    - Flutter
    - FlutterMacOS
  - Google-Maps-iOS-Utils (6.1.0):
    - GoogleMaps (~> 9.0)
  - google_maps_flutter_ios (0.0.1):
    - Flutter
    - Google-Maps-iOS-Utils (< 7.0, >= 5.0)
    - GoogleMaps (< 11.0, >= 8.4)
  - GoogleMaps (9.4.0):
    - GoogleMaps/Maps (= 9.4.0)
  - GoogleMaps/Maps (9.4.0)
  - HyphenateChat (4.16.3):
    - ShengwangInfra_iOS (~> 1.3.0)
  - image_picker_ios (0.0.1):
    - Flutter
  - iris_method_channel (0.0.1):
    - Flutter
  - just_audio (0.0.1):
    - Flutter
    - FlutterMacOS
  - open_file_ios (1.0.3):
    - Flutter
  - permission_handler_apple (9.4.8):
    - Flutter
  - record_ios (1.2.1):
    - Flutter
  - rive_common (0.0.1):
    - Flutter
  - shared_preferences_foundation (0.0.1):
    - Flutter
    - FlutterMacOS
  - ShengwangInfra_iOS (1.3.5)
  - sqflite_darwin (0.0.4):
    - Flutter
    - FlutterMacOS
  - url_launcher_ios (0.0.1):
    - Flutter
  - webview_flutter_wkwebview (0.0.1):
    - Flutter
    - FlutterMacOS

DEPENDENCIES:
  - agora_chat_sdk_ios (from `.symlinks/plugins/agora_chat_sdk_ios/ios`)
  - agora_rtc_engine (from `.symlinks/plugins/agora_rtc_engine/ios`)
  - app_settings (from `.symlinks/plugins/app_settings/ios`)
  - audio_session (from `.symlinks/plugins/audio_session/ios`)
  - audioplayers_darwin (from `.symlinks/plugins/audioplayers_darwin/darwin`)
  - connectivity_plus (from `.symlinks/plugins/connectivity_plus/ios`)
  - file_picker_darwin (from `.symlinks/plugins/file_picker_darwin/darwin`)
  - Flutter (from `Flutter`)
  - flutter_secure_storage_darwin (from `.symlinks/plugins/flutter_secure_storage_darwin/darwin`)
  - geocoding_ios (from `.symlinks/plugins/geocoding_ios/ios`)
  - geolocator_apple (from `.symlinks/plugins/geolocator_apple/darwin`)
  - google_maps_flutter_ios (from `.symlinks/plugins/google_maps_flutter_ios/ios`)
  - image_picker_ios (from `.symlinks/plugins/image_picker_ios/ios`)
  - iris_method_channel (from `.symlinks/plugins/iris_method_channel/ios`)
  - just_audio (from `.symlinks/plugins/just_audio/darwin`)
  - open_file_ios (from `.symlinks/plugins/open_file_ios/ios`)
  - permission_handler_apple (from `.symlinks/plugins/permission_handler_apple/ios`)
  - record_ios (from `.symlinks/plugins/record_ios/ios`)
  - rive_common (from `.symlinks/plugins/rive_common/ios`)
  - shared_preferences_foundation (from `.symlinks/plugins/shared_preferences_foundation/darwin`)
  - sqflite_darwin (from `.symlinks/plugins/sqflite_darwin/darwin`)
  - url_launcher_ios (from `.symlinks/plugins/url_launcher_ios/ios`)
  - webview_flutter_wkwebview (from `.symlinks/plugins/webview_flutter_wkwebview/darwin`)

SPEC REPOS:
  trunk:
    - AgoraInfra_iOS
    - AgoraIrisRTC_iOS
    - AgoraRtcEngine_iOS
    - Google-Maps-iOS-Utils
    - GoogleMaps
    - HyphenateChat
    - ShengwangInfra_iOS

EXTERNAL SOURCES:
  agora_chat_sdk_ios:
    :path: ".symlinks/plugins/agora_chat_sdk_ios/ios"
  agora_rtc_engine:
    :path: ".symlinks/plugins/agora_rtc_engine/ios"
  app_settings:
    :path: ".symlinks/plugins/app_settings/ios"
  audio_session:
    :path: ".symlinks/plugins/audio_session/ios"
  audioplayers_darwin:
    :path: ".symlinks/plugins/audioplayers_darwin/darwin"
  connectivity_plus:
    :path: ".symlinks/plugins/connectivity_plus/ios"
  file_picker_darwin:
    :path: ".symlinks/plugins/file_picker_darwin/darwin"
  Flutter:
    :path: Flutter
  flutter_secure_storage_darwin:
    :path: ".symlinks/plugins/flutter_secure_storage_darwin/darwin"
  geocoding_ios:
    :path: ".symlinks/plugins/geocoding_ios/ios"
  geolocator_apple:
    :path: ".symlinks/plugins/geolocator_apple/darwin"
  google_maps_flutter_ios:
    :path: ".symlinks/plugins/google_maps_flutter_ios/ios"
  image_picker_ios:
    :path: ".symlinks/plugins/image_picker_ios/ios"
  iris_method_channel:
    :path: ".symlinks/plugins/iris_method_channel/ios"
  just_audio:
    :path: ".symlinks/plugins/just_audio/darwin"
  open_file_ios:
    :path: ".symlinks/plugins/open_file_ios/ios"
  permission_handler_apple:
    :path: ".symlinks/plugins/permission_handler_apple/ios"
  record_ios:
    :path: ".symlinks/plugins/record_ios/ios"
  rive_common:
    :path: ".symlinks/plugins/rive_common/ios"
  shared_preferences_foundation:
    :path: ".symlinks/plugins/shared_preferences_foundation/darwin"
  sqflite_darwin:
    :path: ".symlinks/plugins/sqflite_darwin/darwin"
  url_launcher_ios:
    :path: ".symlinks/plugins/url_launcher_ios/ios"
  webview_flutter_wkwebview:
    :path: ".symlinks/plugins/webview_flutter_wkwebview/darwin"

SPEC CHECKSUMS:
  agora_chat_sdk_ios: dab1789944511cb43153580d2b7e27b7ed375aef
  agora_rtc_engine: 2c4d8824b042f37d58cc334d5128cd87bc8915f5
  AgoraInfra_iOS: 0bf927aad4fc425b24ca5d094b333361960f5cb0
  AgoraIrisRTC_iOS: 62c1cec878320d75ee2c5ebb43f0e72659a2bbf3
  AgoraRtcEngine_iOS: 2ac3c06dd68eff8e895b5529e59a10a05da63878
  app_settings: 5127ae0678de1dcc19f2293271c51d37c89428b2
  audio_session: 9bb7f6c970f21241b19f5a3658097ae459681ba0
  audioplayers_darwin: 835ced6edd4c9fc8ebb0a7cc9e294a91d99917d5
  connectivity_plus: cb623214f4e1f6ef8fe7403d580fdad517d2f7dd
  file_picker_darwin: 4c2b9a50ea44cb3b071381ea0cf48591bdd80251
  Flutter: 71a624a5bc0c04062bf19101d501e466baf2fb47
  flutter_secure_storage_darwin: 46e401699982ee74142909676535e0f6a7321e58
  geocoding_ios: 33776c9ebb98d037b5e025bb0e7537f6dd19646e
  geolocator_apple: ab36aa0e8b7d7a2d7639b3b4e48308394e8cef5e
  Google-Maps-iOS-Utils: 0a484b05ed21d88c9f9ebbacb007956edd508a96
  google_maps_flutter_ios: 17552876e72723da1d41accc22f03b5f7afbde69
  GoogleMaps: 0608099d4870cac8754bdba9b6953db543432438
  HyphenateChat: 97cf56506e2282722c0b3321a6968d9968bfeca7
  image_picker_ios: e0ece4aa2a75771a7de3fa735d26d90817041326
  iris_method_channel: 7d661cf3259b3009ae423508470dbeb9374446ee
  just_audio: 4e391f57b79cad2b0674030a00453ca5ce817eed
  open_file_ios: c1143c28b4c65f721cdd58d9fba2f7a1c55206cd
  permission_handler_apple: 92d754bbaa7361d436db2d6c3c1c2a0fdcec462e
  record_ios: 980fd386a97a35987d0fce3dfda4b26a38c90f4c
  rive_common: dd421daaf9ae69f0125aa761dd96abd278399952
  shared_preferences_foundation: 7036424c3d8ec98dfe75ff1667cb0cd531ec82bb
  ShengwangInfra_iOS: 0ae2d429ec428cdbaebb39ac883ec64c5c20f7bb
  sqflite_darwin: 20b2a3a3b70e43edae938624ce550a3cbf66a3d0
  url_launcher_ios: 7a95fa5b60cc718a708b8f2966718e93db0cef1b
  webview_flutter_wkwebview: 8ebf4fded22593026f7dbff1fbff31ea98573c8d

PODFILE CHECKSUM: e9bba99e04b44fc2813b48851d650a8b1f2b2925

COCOAPODS: 1.16.2
